
Microsoft Visual Studio Solution File, Format Version 12.00
# Visual Studio Version 17
VisualStudioVersion = 17.0.31903.59
MinimumVisualStudioVersion = 10.0.40219.1
Project("{2150E333-8FDC-42A3-9474-1A3956D46DE8}") = "src", "src", "{827E0CD3-B72D-47B6-A68D-7590B98EB39B}"
EndProject
Project("{FAE04EC0-301F-11D3-BF4B-00C04F79EFBC}") = "PayrollManagementSystem.API", "src\PayrollManagementSystem.API\PayrollManagementSystem.API.csproj", "{DFD0488C-F5C6-44DE-A96C-2267B806E098}"
EndProject
Project("{FAE04EC0-301F-11D3-BF4B-00C04F79EFBC}") = "PayrollManagementSystem.Application", "src\PayrollManagementSystem.Application\PayrollManagementSystem.Application.csproj", "{CAE6E658-043B-43D8-8E35-FF9079E279D1}"
EndProject
Project("{FAE04EC0-301F-11D3-BF4B-00C04F79EFBC}") = "PayrollManagementSystem.Domain", "src\PayrollManagementSystem.Domain\PayrollManagementSystem.Domain.csproj", "{B60598E1-5923-47F2-B4D2-8284512BAE7A}"
EndProject
Project("{FAE04EC0-301F-11D3-BF4B-00C04F79EFBC}") = "PayrollManagementSystem.Infrastructure", "src\PayrollManagementSystem.Infrastructure\PayrollManagementSystem.Infrastructure.csproj", "{B54C74A5-0611-4E9B-861F-9CE8D0EADFE9}"
EndProject
Project("{2150E333-8FDC-42A3-9474-1A3956D46DE8}") = "tests", "tests", "{0AB3BF05-4346-4AA6-1389-037BE0695223}"
EndProject
Project("{FAE04EC0-301F-11D3-BF4B-00C04F79EFBC}") = "PayrollManagementSystem.UnitTests", "tests\PayrollManagementSystem.UnitTests\PayrollManagementSystem.UnitTests.csproj", "{F9F02CFA-D52B-4B13-80D5-88C768B354AA}"
EndProject
Project("{FAE04EC0-301F-11D3-BF4B-00C04F79EFBC}") = "PayrollManagementSystem.IntegrationTests", "tests\PayrollManagementSystem.IntegrationTests\PayrollManagementSystem.IntegrationTests.csproj", "{9215B2CE-9A8D-4AFB-8F4C-5C0DA52CF551}"
EndProject
Global
	GlobalSection(SolutionConfigurationPlatforms) = preSolution
		Debug|Any CPU = Debug|Any CPU
		Debug|x64 = Debug|x64
		Debug|x86 = Debug|x86
		Release|Any CPU = Release|Any CPU
		Release|x64 = Release|x64
		Release|x86 = Release|x86
	EndGlobalSection
	GlobalSection(ProjectConfigurationPlatforms) = postSolution
		{DFD0488C-F5C6-44DE-A96C-2267B806E098}.Debug|Any CPU.ActiveCfg = Debug|Any CPU
		{DFD0488C-F5C6-44DE-A96C-2267B806E098}.Debug|Any CPU.Build.0 = Debug|Any CPU
		{DFD0488C-F5C6-44DE-A96C-2267B806E098}.Debug|x64.ActiveCfg = Debug|Any CPU
		{DFD0488C-F5C6-44DE-A96C-2267B806E098}.Debug|x64.Build.0 = Debug|Any CPU
		{DFD0488C-F5C6-44DE-A96C-2267B806E098}.Debug|x86.ActiveCfg = Debug|Any CPU
		{DFD0488C-F5C6-44DE-A96C-2267B806E098}.Debug|x86.Build.0 = Debug|Any CPU
		{DFD0488C-F5C6-44DE-A96C-2267B806E098}.Release|Any CPU.ActiveCfg = Release|Any CPU
		{DFD0488C-F5C6-44DE-A96C-2267B806E098}.Release|Any CPU.Build.0 = Release|Any CPU
		{DFD0488C-F5C6-44DE-A96C-2267B806E098}.Release|x64.ActiveCfg = Release|Any CPU
		{DFD0488C-F5C6-44DE-A96C-2267B806E098}.Release|x64.Build.0 = Release|Any CPU
		{DFD0488C-F5C6-44DE-A96C-2267B806E098}.Release|x86.ActiveCfg = Release|Any CPU
		{DFD0488C-F5C6-44DE-A96C-2267B806E098}.Release|x86.Build.0 = Release|Any CPU
		{CAE6E658-043B-43D8-8E35-FF9079E279D1}.Debug|Any CPU.ActiveCfg = Debug|Any CPU
		{CAE6E658-043B-43D8-8E35-FF9079E279D1}.Debug|Any CPU.Build.0 = Debug|Any CPU
		{CAE6E658-043B-43D8-8E35-FF9079E279D1}.Debug|x64.ActiveCfg = Debug|Any CPU
		{CAE6E658-043B-43D8-8E35-FF9079E279D1}.Debug|x64.Build.0 = Debug|Any CPU
		{CAE6E658-043B-43D8-8E35-FF9079E279D1}.Debug|x86.ActiveCfg = Debug|Any CPU
		{CAE6E658-043B-43D8-8E35-FF9079E279D1}.Debug|x86.Build.0 = Debug|Any CPU
		{CAE6E658-043B-43D8-8E35-FF9079E279D1}.Release|Any CPU.ActiveCfg = Release|Any CPU
		{CAE6E658-043B-43D8-8E35-FF9079E279D1}.Release|Any CPU.Build.0 = Release|Any CPU
		{CAE6E658-043B-43D8-8E35-FF9079E279D1}.Release|x64.ActiveCfg = Release|Any CPU
		{CAE6E658-043B-43D8-8E35-FF9079E279D1}.Release|x64.Build.0 = Release|Any CPU
		{CAE6E658-043B-43D8-8E35-FF9079E279D1}.Release|x86.ActiveCfg = Release|Any CPU
		{CAE6E658-043B-43D8-8E35-FF9079E279D1}.Release|x86.Build.0 = Release|Any CPU
		{B60598E1-5923-47F2-B4D2-8284512BAE7A}.Debug|Any CPU.ActiveCfg = Debug|Any CPU
		{B60598E1-5923-47F2-B4D2-8284512BAE7A}.Debug|Any CPU.Build.0 = Debug|Any CPU
		{B60598E1-5923-47F2-B4D2-8284512BAE7A}.Debug|x64.ActiveCfg = Debug|Any CPU
		{B60598E1-5923-47F2-B4D2-8284512BAE7A}.Debug|x64.Build.0 = Debug|Any CPU
		{B60598E1-5923-47F2-B4D2-8284512BAE7A}.Debug|x86.ActiveCfg = Debug|Any CPU
		{B60598E1-5923-47F2-B4D2-8284512BAE7A}.Debug|x86.Build.0 = Debug|Any CPU
		{B60598E1-5923-47F2-B4D2-8284512BAE7A}.Release|Any CPU.ActiveCfg = Release|Any CPU
		{B60598E1-5923-47F2-B4D2-8284512BAE7A}.Release|Any CPU.Build.0 = Release|Any CPU
		{B60598E1-5923-47F2-B4D2-8284512BAE7A}.Release|x64.ActiveCfg = Release|Any CPU
		{B60598E1-5923-47F2-B4D2-8284512BAE7A}.Release|x64.Build.0 = Release|Any CPU
		{B60598E1-5923-47F2-B4D2-8284512BAE7A}.Release|x86.ActiveCfg = Release|Any CPU
		{B60598E1-5923-47F2-B4D2-8284512BAE7A}.Release|x86.Build.0 = Release|Any CPU
		{B54C74A5-0611-4E9B-861F-9CE8D0EADFE9}.Debug|Any CPU.ActiveCfg = Debug|Any CPU
		{B54C74A5-0611-4E9B-861F-9CE8D0EADFE9}.Debug|Any CPU.Build.0 = Debug|Any CPU
		{B54C74A5-0611-4E9B-861F-9CE8D0EADFE9}.Debug|x64.ActiveCfg = Debug|Any CPU
		{B54C74A5-0611-4E9B-861F-9CE8D0EADFE9}.Debug|x64.Build.0 = Debug|Any CPU
		{B54C74A5-0611-4E9B-861F-9CE8D0EADFE9}.Debug|x86.ActiveCfg = Debug|Any CPU
		{B54C74A5-0611-4E9B-861F-9CE8D0EADFE9}.Debug|x86.Build.0 = Debug|Any CPU
		{B54C74A5-0611-4E9B-861F-9CE8D0EADFE9}.Release|Any CPU.ActiveCfg = Release|Any CPU
		{B54C74A5-0611-4E9B-861F-9CE8D0EADFE9}.Release|Any CPU.Build.0 = Release|Any CPU
		{B54C74A5-0611-4E9B-861F-9CE8D0EADFE9}.Release|x64.ActiveCfg = Release|Any CPU
		{B54C74A5-0611-4E9B-861F-9CE8D0EADFE9}.Release|x64.Build.0 = Release|Any CPU
		{B54C74A5-0611-4E9B-861F-9CE8D0EADFE9}.Release|x86.ActiveCfg = Release|Any CPU
		{B54C74A5-0611-4E9B-861F-9CE8D0EADFE9}.Release|x86.Build.0 = Release|Any CPU
		{F9F02CFA-D52B-4B13-80D5-88C768B354AA}.Debug|Any CPU.ActiveCfg = Debug|Any CPU
		{F9F02CFA-D52B-4B13-80D5-88C768B354AA}.Debug|Any CPU.Build.0 = Debug|Any CPU
		{F9F02CFA-D52B-4B13-80D5-88C768B354AA}.Debug|x64.ActiveCfg = Debug|Any CPU
		{F9F02CFA-D52B-4B13-80D5-88C768B354AA}.Debug|x64.Build.0 = Debug|Any CPU
		{F9F02CFA-D52B-4B13-80D5-88C768B354AA}.Debug|x86.ActiveCfg = Debug|Any CPU
		{F9F02CFA-D52B-4B13-80D5-88C768B354AA}.Debug|x86.Build.0 = Debug|Any CPU
		{F9F02CFA-D52B-4B13-80D5-88C768B354AA}.Release|Any CPU.ActiveCfg = Release|Any CPU
		{F9F02CFA-D52B-4B13-80D5-88C768B354AA}.Release|Any CPU.Build.0 = Release|Any CPU
		{F9F02CFA-D52B-4B13-80D5-88C768B354AA}.Release|x64.ActiveCfg = Release|Any CPU
		{F9F02CFA-D52B-4B13-80D5-88C768B354AA}.Release|x64.Build.0 = Release|Any CPU
		{F9F02CFA-D52B-4B13-80D5-88C768B354AA}.Release|x86.ActiveCfg = Release|Any CPU
		{F9F02CFA-D52B-4B13-80D5-88C768B354AA}.Release|x86.Build.0 = Release|Any CPU
		{9215B2CE-9A8D-4AFB-8F4C-5C0DA52CF551}.Debug|Any CPU.ActiveCfg = Debug|Any CPU
		{9215B2CE-9A8D-4AFB-8F4C-5C0DA52CF551}.Debug|Any CPU.Build.0 = Debug|Any CPU
		{9215B2CE-9A8D-4AFB-8F4C-5C0DA52CF551}.Debug|x64.ActiveCfg = Debug|Any CPU
		{9215B2CE-9A8D-4AFB-8F4C-5C0DA52CF551}.Debug|x64.Build.0 = Debug|Any CPU
		{9215B2CE-9A8D-4AFB-8F4C-5C0DA52CF551}.Debug|x86.ActiveCfg = Debug|Any CPU
		{9215B2CE-9A8D-4AFB-8F4C-5C0DA52CF551}.Debug|x86.Build.0 = Debug|Any CPU
		{9215B2CE-9A8D-4AFB-8F4C-5C0DA52CF551}.Release|Any CPU.ActiveCfg = Release|Any CPU
		{9215B2CE-9A8D-4AFB-8F4C-5C0DA52CF551}.Release|Any CPU.Build.0 = Release|Any CPU
		{9215B2CE-9A8D-4AFB-8F4C-5C0DA52CF551}.Release|x64.ActiveCfg = Release|Any CPU
		{9215B2CE-9A8D-4AFB-8F4C-5C0DA52CF551}.Release|x64.Build.0 = Release|Any CPU
		{9215B2CE-9A8D-4AFB-8F4C-5C0DA52CF551}.Release|x86.ActiveCfg = Release|Any CPU
		{9215B2CE-9A8D-4AFB-8F4C-5C0DA52CF551}.Release|x86.Build.0 = Release|Any CPU
	EndGlobalSection
	GlobalSection(SolutionProperties) = preSolution
		HideSolutionNode = FALSE
	EndGlobalSection
	GlobalSection(NestedProjects) = preSolution
		{DFD0488C-F5C6-44DE-A96C-2267B806E098} = {827E0CD3-B72D-47B6-A68D-7590B98EB39B}
		{CAE6E658-043B-43D8-8E35-FF9079E279D1} = {827E0CD3-B72D-47B6-A68D-7590B98EB39B}
		{B60598E1-5923-47F2-B4D2-8284512BAE7A} = {827E0CD3-B72D-47B6-A68D-7590B98EB39B}
		{B54C74A5-0611-4E9B-861F-9CE8D0EADFE9} = {827E0CD3-B72D-47B6-A68D-7590B98EB39B}
		{F9F02CFA-D52B-4B13-80D5-88C768B354AA} = {0AB3BF05-4346-4AA6-1389-037BE0695223}
		{9215B2CE-9A8D-4AFB-8F4C-5C0DA52CF551} = {0AB3BF05-4346-4AA6-1389-037BE0695223}
	EndGlobalSection
EndGlobal
